
Microsoft Visual Studio Solution File, Format Version 12.00
# Visual Studio Version 17
VisualStudioVersion = 17.10.35004.147
MinimumVisualStudioVersion = 10.0.40219.1
Project("{8BC9CEB8-8B4A-11D0-8D11-00A0C91BC942}") = "graphic functions", "graphic functions\graphic functions.vcxproj", "{031DA456-B1D9-4993-89D9-25344C2891FB}"
EndProject
Global
	GlobalSection(SolutionConfigurationPlatforms) = preSolution
		Debug|x64 = Debug|x64
		Debug|x86 = Debug|x86
		Release|x64 = Release|x64
		Release|x86 = Release|x86
	EndGlobalSection
	GlobalSection(ProjectConfigurationPlatforms) = postSolution
		{031DA456-B1D9-4993-89D9-25344C2891FB}.Debug|x64.ActiveCfg = Debug|x64
		{031DA456-B1D9-4993-89D9-25344C2891FB}.Debug|x64.Build.0 = Debug|x64
		{031DA456-B1D9-4993-89D9-25344C2891FB}.Debug|x86.ActiveCfg = Debug|Win32
		{031DA456-B1D9-4993-89D9-25344C2891FB}.Debug|x86.Build.0 = Debug|Win32
		{031DA456-B1D9-4993-89D9-25344C2891FB}.Release|x64.ActiveCfg = Release|x64
		{031DA456-B1D9-4993-89D9-25344C2891FB}.Release|x64.Build.0 = Release|x64
		{031DA456-B1D9-4993-89D9-25344C2891FB}.Release|x86.ActiveCfg = Release|Win32
		{031DA456-B1D9-4993-89D9-25344C2891FB}.Release|x86.Build.0 = Release|Win32
	EndGlobalSection
	GlobalSection(SolutionProperties) = preSolution
		HideSolutionNode = FALSE
	EndGlobalSection
	GlobalSection(ExtensibilityGlobals) = postSolution
		SolutionGuid = {32491F8E-851D-4EA1-AD45-A1A5E43C75FF}
	EndGlobalSection
EndGlobal
